
Microsoft Visual Studio Solution File, Format Version 12.00
# Visual Studio 14
VisualStudioVersion = 14.0.24720.0
MinimumVisualStudioVersion = 10.0.40219.1
Project("{FAE04EC0-301F-11D3-BF4B-00C04F79EFBC}") = "LojaNinja.MVC", "LojaDosNinjas\LojaNinja.MVC.csproj", "{46FB6970-8EEF-4F02-B9EC-756674C1B469}"
EndProject
Project("{2150E333-8FDC-42A3-9474-1A3956D46DE8}") = "1-UI", "1-UI", "{0008CCEA-98CE-45F9-BA64-51755F7212BA}"
EndProject
Project("{2150E333-8FDC-42A3-9474-1A3956D46DE8}") = "2-Dominio", "2-Dominio", "{1E5F7CE3-DDE3-44A5-8EC1-F9A2A30CC32B}"
EndProject
Project("{2150E333-8FDC-42A3-9474-1A3956D46DE8}") = "3-Infraestrutura", "3-Infraestrutura", "{EA707689-A79D-496E-B5E0-C46A7ABD1BA8}"
EndProject
Project("{FAE04EC0-301F-11D3-BF4B-00C04F79EFBC}") = "LojaNinja.Dominio", "LojaNinja.Dominio\LojaNinja.Dominio.csproj", "{7AC3C7AD-94B9-4CDE-9510-E62BA4AE0189}"
EndProject
Project("{FAE04EC0-301F-11D3-BF4B-00C04F79EFBC}") = "LojaNinja.Dominio.Teste", "LojaNinja.Dominio.Teste\LojaNinja.Dominio.Teste.csproj", "{5FE1BB5B-B727-400C-B45A-472971050B27}"
EndProject
Project("{FAE04EC0-301F-11D3-BF4B-00C04F79EFBC}") = "LojaNinja.Repositorio", "LojaNinja.Repositorio\LojaNinja.Repositorio.csproj", "{A2324F01-A79B-42E8-B88B-7FE0B266FB7E}"
EndProject
Project("{2150E333-8FDC-42A3-9474-1A3956D46DE8}") = "4-Db", "4-Db", "{33DB8919-B7B0-4E5F-A1D9-2532264271A5}"
	ProjectSection(SolutionItems) = preProject
		..\..\..\..\..\..\..\crescer-2016-1-inst\src\modulo-05-dotnet\Aula 5\LojaNinja\vendas.txt = ..\..\..\..\..\..\..\crescer-2016-1-inst\src\modulo-05-dotnet\Aula 5\LojaNinja\vendas.txt
	EndProjectSection
EndProject
Project("{FAE04EC0-301F-11D3-BF4B-00C04F79EFBC}") = "LojaNinja.Repositorio.ADO", "LojaNinja.Repositorio.ADO\LojaNinja.Repositorio.ADO.csproj", "{A054E5E1-531E-42C6-8175-52C041ACAEFB}"
EndProject
Project("{FAE04EC0-301F-11D3-BF4B-00C04F79EFBC}") = "LojaNinja.Repositorio.EF", "LojaNinja.Repositorio.EF\LojaNinja.Repositorio.EF.csproj", "{F154BA95-5C47-4835-AA6A-15513F9B2587}"
EndProject
Global
	GlobalSection(SolutionConfigurationPlatforms) = preSolution
		Debug|Any CPU = Debug|Any CPU
		Release|Any CPU = Release|Any CPU
	EndGlobalSection
	GlobalSection(ProjectConfigurationPlatforms) = postSolution
		{46FB6970-8EEF-4F02-B9EC-756674C1B469}.Debug|Any CPU.ActiveCfg = Debug|Any CPU
		{46FB6970-8EEF-4F02-B9EC-756674C1B469}.Debug|Any CPU.Build.0 = Debug|Any CPU
		{46FB6970-8EEF-4F02-B9EC-756674C1B469}.Release|Any CPU.ActiveCfg = Release|Any CPU
		{46FB6970-8EEF-4F02-B9EC-756674C1B469}.Release|Any CPU.Build.0 = Release|Any CPU
		{7AC3C7AD-94B9-4CDE-9510-E62BA4AE0189}.Debug|Any CPU.ActiveCfg = Debug|Any CPU
		{7AC3C7AD-94B9-4CDE-9510-E62BA4AE0189}.Debug|Any CPU.Build.0 = Debug|Any CPU
		{7AC3C7AD-94B9-4CDE-9510-E62BA4AE0189}.Release|Any CPU.ActiveCfg = Release|Any CPU
		{7AC3C7AD-94B9-4CDE-9510-E62BA4AE0189}.Release|Any CPU.Build.0 = Release|Any CPU
		{5FE1BB5B-B727-400C-B45A-472971050B27}.Debug|Any CPU.ActiveCfg = Debug|Any CPU
		{5FE1BB5B-B727-400C-B45A-472971050B27}.Debug|Any CPU.Build.0 = Debug|Any CPU
		{5FE1BB5B-B727-400C-B45A-472971050B27}.Release|Any CPU.ActiveCfg = Release|Any CPU
		{5FE1BB5B-B727-400C-B45A-472971050B27}.Release|Any CPU.Build.0 = Release|Any CPU
		{A2324F01-A79B-42E8-B88B-7FE0B266FB7E}.Debug|Any CPU.ActiveCfg = Debug|Any CPU
		{A2324F01-A79B-42E8-B88B-7FE0B266FB7E}.Debug|Any CPU.Build.0 = Debug|Any CPU
		{A2324F01-A79B-42E8-B88B-7FE0B266FB7E}.Release|Any CPU.ActiveCfg = Release|Any CPU
		{A2324F01-A79B-42E8-B88B-7FE0B266FB7E}.Release|Any CPU.Build.0 = Release|Any CPU
		{A054E5E1-531E-42C6-8175-52C041ACAEFB}.Debug|Any CPU.ActiveCfg = Debug|Any CPU
		{A054E5E1-531E-42C6-8175-52C041ACAEFB}.Debug|Any CPU.Build.0 = Debug|Any CPU
		{A054E5E1-531E-42C6-8175-52C041ACAEFB}.Release|Any CPU.ActiveCfg = Release|Any CPU
		{A054E5E1-531E-42C6-8175-52C041ACAEFB}.Release|Any CPU.Build.0 = Release|Any CPU
		{F154BA95-5C47-4835-AA6A-15513F9B2587}.Debug|Any CPU.ActiveCfg = Debug|Any CPU
		{F154BA95-5C47-4835-AA6A-15513F9B2587}.Debug|Any CPU.Build.0 = Debug|Any CPU
		{F154BA95-5C47-4835-AA6A-15513F9B2587}.Release|Any CPU.ActiveCfg = Release|Any CPU
		{F154BA95-5C47-4835-AA6A-15513F9B2587}.Release|Any CPU.Build.0 = Release|Any CPU
	EndGlobalSection
	GlobalSection(SolutionProperties) = preSolution
		HideSolutionNode = FALSE
	EndGlobalSection
	GlobalSection(NestedProjects) = preSolution
		{46FB6970-8EEF-4F02-B9EC-756674C1B469} = {0008CCEA-98CE-45F9-BA64-51755F7212BA}
		{7AC3C7AD-94B9-4CDE-9510-E62BA4AE0189} = {1E5F7CE3-DDE3-44A5-8EC1-F9A2A30CC32B}
		{5FE1BB5B-B727-400C-B45A-472971050B27} = {1E5F7CE3-DDE3-44A5-8EC1-F9A2A30CC32B}
		{A2324F01-A79B-42E8-B88B-7FE0B266FB7E} = {EA707689-A79D-496E-B5E0-C46A7ABD1BA8}
		{A054E5E1-531E-42C6-8175-52C041ACAEFB} = {EA707689-A79D-496E-B5E0-C46A7ABD1BA8}
		{F154BA95-5C47-4835-AA6A-15513F9B2587} = {EA707689-A79D-496E-B5E0-C46A7ABD1BA8}
	EndGlobalSection
EndGlobal
